
Microsoft Visual Studio Solution File, Format Version 12.00
# Visual Studio Version 16
VisualStudioVersion = 16.0.31313.79
MinimumVisualStudioVersion = 10.0.40219.1
Project("{FAE04EC0-301F-11D3-BF4B-00C04F79EFBC}") = "CoreAngular", "CoreAngular.csproj", "{DBBC8FDB-A42A-456D-9510-1B5A99BF2058}"
EndProject
Global
	GlobalSection(SolutionConfigurationPlatforms) = preSolution
		Debug|Any CPU = Debug|Any CPU
		Release|Any CPU = Release|Any CPU
	EndGlobalSection
	GlobalSection(ProjectConfigurationPlatforms) = postSolution
		{DBBC8FDB-A42A-456D-9510-1B5A99BF2058}.Debug|Any CPU.ActiveCfg = Debug|Any CPU
		{DBBC8FDB-A42A-456D-9510-1B5A99BF2058}.Debug|Any CPU.Build.0 = Debug|Any CPU
		{DBBC8FDB-A42A-456D-9510-1B5A99BF2058}.Release|Any CPU.ActiveCfg = Release|Any CPU
		{DBBC8FDB-A42A-456D-9510-1B5A99BF2058}.Release|Any CPU.Build.0 = Release|Any CPU
	EndGlobalSection
	GlobalSection(SolutionProperties) = preSolution
		HideSolutionNode = FALSE
	EndGlobalSection
	GlobalSection(ExtensibilityGlobals) = postSolution
		SolutionGuid = {78355DBF-52E5-48B8-A797-A8982C4A1487}
	EndGlobalSection
EndGlobal
